
Microsoft Visual Studio Solution File, Format Version 12.00
# Visual Studio Version 16
VisualStudioVersion = 16.0.30204.135
MinimumVisualStudioVersion = 10.0.40219.1
Project("{FAE04EC0-301F-11D3-BF4B-00C04F79EFBC}") = "PipeClassTransfer", "PipeClassTransfer.csproj", "{7C0D24F0-1217-443F-AB94-9A3659EA40AA}"
EndProject
Global
	GlobalSection(SolutionConfigurationPlatforms) = preSolution
		Debug|Any CPU = Debug|Any CPU
		Release|Any CPU = Release|Any CPU
	EndGlobalSection
	GlobalSection(ProjectConfigurationPlatforms) = postSolution
		{7C0D24F0-1217-443F-AB94-9A3659EA40AA}.Debug|Any CPU.ActiveCfg = Debug|Any CPU
		{7C0D24F0-1217-443F-AB94-9A3659EA40AA}.Debug|Any CPU.Build.0 = Debug|Any CPU
		{7C0D24F0-1217-443F-AB94-9A3659EA40AA}.Release|Any CPU.ActiveCfg = Release|Any CPU
		{7C0D24F0-1217-443F-AB94-9A3659EA40AA}.Release|Any CPU.Build.0 = Release|Any CPU
	EndGlobalSection
	GlobalSection(SolutionProperties) = preSolution
		HideSolutionNode = FALSE
	EndGlobalSection
	GlobalSection(ExtensibilityGlobals) = postSolution
		SolutionGuid = {DEAA5CEB-9BED-4767-B97A-2767A2B58CD8}
	EndGlobalSection
EndGlobal
